
Microsoft Visual Studio Solution File, Format Version 12.00
# Visual Studio Version 16
VisualStudioVersion = 16.0.31205.134
MinimumVisualStudioVersion = 10.0.40219.1
Project("{FAE04EC0-301F-11D3-BF4B-00C04F79EFBC}") = "Calculator", "Calculator\Calculator.csproj", "{2A12D7BB-2C61-44EF-9692-9F5B27A17B52}"
EndProject
Global
	GlobalSection(SolutionConfigurationPlatforms) = preSolution
		Debug|Any CPU = Debug|Any CPU
		Release|Any CPU = Release|Any CPU
	EndGlobalSection
	GlobalSection(ProjectConfigurationPlatforms) = postSolution
		{2A12D7BB-2C61-44EF-9692-9F5B27A17B52}.Debug|Any CPU.ActiveCfg = Debug|Any CPU
		{2A12D7BB-2C61-44EF-9692-9F5B27A17B52}.Debug|Any CPU.Build.0 = Debug|Any CPU
		{2A12D7BB-2C61-44EF-9692-9F5B27A17B52}.Release|Any CPU.ActiveCfg = Release|Any CPU
		{2A12D7BB-2C61-44EF-9692-9F5B27A17B52}.Release|Any CPU.Build.0 = Release|Any CPU
	EndGlobalSection
	GlobalSection(SolutionProperties) = preSolution
		HideSolutionNode = FALSE
	EndGlobalSection
	GlobalSection(ExtensibilityGlobals) = postSolution
		SolutionGuid = {A5DA9497-1C87-42AD-AF8F-989B0DCC5990}
	EndGlobalSection
EndGlobal
